
Microsoft Visual Studio Solution File, Format Version 12.00
# Visual Studio 14
VisualStudioVersion = 14.0.24720.0
MinimumVisualStudioVersion = 10.0.40219.1
Project("{FAE04EC0-301F-11D3-BF4B-00C04F79EFBC}") = "SampleServer_cs", "SampleServer_cs\SampleServer_cs.csproj", "{4ED0D91D-58A1-4D48-AF89-7ADE48AA9B78}"
EndProject
Project("{FAE04EC0-301F-11D3-BF4B-00C04F79EFBC}") = "SampleClientW_cs", "SampleClientW_cs\SampleClientW_cs.csproj", "{7273A2CA-9811-4B63-95AE-091F9552D8D1}"
EndProject
Project("{FAE04EC0-301F-11D3-BF4B-00C04F79EFBC}") = "SampleClient_cs", "SampleClient_cs\SampleClient_cs.csproj", "{446EB4EE-6431-4F68-8DE9-F78C112C712B}"
EndProject
Project("{8BC9CEB8-8B4A-11D0-8D11-00A0C91BC942}") = "SampleServer", "SampleServer\SampleServer.vcxproj", "{4F233CC3-12FB-408F-8DBF-901B1EEAFB1C}"
EndProject
Project("{8BC9CEB8-8B4A-11D0-8D11-00A0C91BC942}") = "SampleCommon", "SampleCommon\SampleCommon.vcxproj", "{306BBBF9-630A-497C-9DCC-29DA1DE444F7}"
EndProject
Project("{8BC9CEB8-8B4A-11D0-8D11-00A0C91BC942}") = "SampleClient", "SampleClient\SampleClient.vcxproj", "{69D2629B-0AFB-4602-B987-EF7B1CD46E6F}"
EndProject
Global
	GlobalSection(SolutionConfigurationPlatforms) = preSolution
		Debug|Any CPU = Debug|Any CPU
		Debug|Mixed Platforms = Debug|Mixed Platforms
		Debug|Win32 = Debug|Win32
		Debug|x64 = Debug|x64
		Release|Any CPU = Release|Any CPU
		Release|Mixed Platforms = Release|Mixed Platforms
		Release|Win32 = Release|Win32
		Release|x64 = Release|x64
	EndGlobalSection
	GlobalSection(ProjectConfigurationPlatforms) = postSolution
		{4ED0D91D-58A1-4D48-AF89-7ADE48AA9B78}.Debug|Any CPU.ActiveCfg = Debug|Any CPU
		{4ED0D91D-58A1-4D48-AF89-7ADE48AA9B78}.Debug|Any CPU.Build.0 = Debug|Any CPU
		{4ED0D91D-58A1-4D48-AF89-7ADE48AA9B78}.Debug|Mixed Platforms.ActiveCfg = Debug|x86
		{4ED0D91D-58A1-4D48-AF89-7ADE48AA9B78}.Debug|Mixed Platforms.Build.0 = Debug|x86
		{4ED0D91D-58A1-4D48-AF89-7ADE48AA9B78}.Debug|Win32.ActiveCfg = Debug|Any CPU
		{4ED0D91D-58A1-4D48-AF89-7ADE48AA9B78}.Debug|x64.ActiveCfg = Debug|x64
		{4ED0D91D-58A1-4D48-AF89-7ADE48AA9B78}.Release|Any CPU.ActiveCfg = Release|Any CPU
		{4ED0D91D-58A1-4D48-AF89-7ADE48AA9B78}.Release|Any CPU.Build.0 = Release|Any CPU
		{4ED0D91D-58A1-4D48-AF89-7ADE48AA9B78}.Release|Mixed Platforms.ActiveCfg = Release|x86
		{4ED0D91D-58A1-4D48-AF89-7ADE48AA9B78}.Release|Mixed Platforms.Build.0 = Release|x86
		{4ED0D91D-58A1-4D48-AF89-7ADE48AA9B78}.Release|Win32.ActiveCfg = Release|Any CPU
		{4ED0D91D-58A1-4D48-AF89-7ADE48AA9B78}.Release|x64.ActiveCfg = Release|x64
		{7273A2CA-9811-4B63-95AE-091F9552D8D1}.Debug|Any CPU.ActiveCfg = Debug|Any CPU
		{7273A2CA-9811-4B63-95AE-091F9552D8D1}.Debug|Any CPU.Build.0 = Debug|Any CPU
		{7273A2CA-9811-4B63-95AE-091F9552D8D1}.Debug|Mixed Platforms.ActiveCfg = Debug|x86
		{7273A2CA-9811-4B63-95AE-091F9552D8D1}.Debug|Mixed Platforms.Build.0 = Debug|x86
		{7273A2CA-9811-4B63-95AE-091F9552D8D1}.Debug|Win32.ActiveCfg = Debug|Any CPU
		{7273A2CA-9811-4B63-95AE-091F9552D8D1}.Debug|x64.ActiveCfg = Debug|x64
		{7273A2CA-9811-4B63-95AE-091F9552D8D1}.Release|Any CPU.ActiveCfg = Release|Any CPU
		{7273A2CA-9811-4B63-95AE-091F9552D8D1}.Release|Any CPU.Build.0 = Release|Any CPU
		{7273A2CA-9811-4B63-95AE-091F9552D8D1}.Release|Mixed Platforms.ActiveCfg = Release|x86
		{7273A2CA-9811-4B63-95AE-091F9552D8D1}.Release|Mixed Platforms.Build.0 = Release|x86
		{7273A2CA-9811-4B63-95AE-091F9552D8D1}.Release|Win32.ActiveCfg = Release|Any CPU
		{7273A2CA-9811-4B63-95AE-091F9552D8D1}.Release|x64.ActiveCfg = Release|x64
		{446EB4EE-6431-4F68-8DE9-F78C112C712B}.Debug|Any CPU.ActiveCfg = Debug|Any CPU
		{446EB4EE-6431-4F68-8DE9-F78C112C712B}.Debug|Any CPU.Build.0 = Debug|Any CPU
		{446EB4EE-6431-4F68-8DE9-F78C112C712B}.Debug|Mixed Platforms.ActiveCfg = Debug|Any CPU
		{446EB4EE-6431-4F68-8DE9-F78C112C712B}.Debug|Mixed Platforms.Build.0 = Debug|Any CPU
		{446EB4EE-6431-4F68-8DE9-F78C112C712B}.Debug|Win32.ActiveCfg = Debug|Any CPU
		{446EB4EE-6431-4F68-8DE9-F78C112C712B}.Debug|x64.ActiveCfg = Debug|Any CPU
		{446EB4EE-6431-4F68-8DE9-F78C112C712B}.Release|Any CPU.ActiveCfg = Release|Any CPU
		{446EB4EE-6431-4F68-8DE9-F78C112C712B}.Release|Any CPU.Build.0 = Release|Any CPU
		{446EB4EE-6431-4F68-8DE9-F78C112C712B}.Release|Mixed Platforms.ActiveCfg = Release|Any CPU
		{446EB4EE-6431-4F68-8DE9-F78C112C712B}.Release|Mixed Platforms.Build.0 = Release|Any CPU
		{446EB4EE-6431-4F68-8DE9-F78C112C712B}.Release|Win32.ActiveCfg = Release|Any CPU
		{446EB4EE-6431-4F68-8DE9-F78C112C712B}.Release|x64.ActiveCfg = Release|Any CPU
		{4F233CC3-12FB-408F-8DBF-901B1EEAFB1C}.Debug|Any CPU.ActiveCfg = Debug|Win32
		{4F233CC3-12FB-408F-8DBF-901B1EEAFB1C}.Debug|Mixed Platforms.ActiveCfg = Debug|Win32
		{4F233CC3-12FB-408F-8DBF-901B1EEAFB1C}.Debug|Mixed Platforms.Build.0 = Debug|Win32
		{4F233CC3-12FB-408F-8DBF-901B1EEAFB1C}.Debug|Win32.ActiveCfg = Debug|Win32
		{4F233CC3-12FB-408F-8DBF-901B1EEAFB1C}.Debug|Win32.Build.0 = Debug|Win32
		{4F233CC3-12FB-408F-8DBF-901B1EEAFB1C}.Debug|x64.ActiveCfg = Debug|Win32
		{4F233CC3-12FB-408F-8DBF-901B1EEAFB1C}.Release|Any CPU.ActiveCfg = Release|Win32
		{4F233CC3-12FB-408F-8DBF-901B1EEAFB1C}.Release|Mixed Platforms.ActiveCfg = Release|Win32
		{4F233CC3-12FB-408F-8DBF-901B1EEAFB1C}.Release|Mixed Platforms.Build.0 = Release|Win32
		{4F233CC3-12FB-408F-8DBF-901B1EEAFB1C}.Release|Win32.ActiveCfg = Release|Win32
		{4F233CC3-12FB-408F-8DBF-901B1EEAFB1C}.Release|Win32.Build.0 = Release|Win32
		{4F233CC3-12FB-408F-8DBF-901B1EEAFB1C}.Release|x64.ActiveCfg = Release|Win32
		{306BBBF9-630A-497C-9DCC-29DA1DE444F7}.Debug|Any CPU.ActiveCfg = Debug|Win32
		{306BBBF9-630A-497C-9DCC-29DA1DE444F7}.Debug|Mixed Platforms.ActiveCfg = Debug|Win32
		{306BBBF9-630A-497C-9DCC-29DA1DE444F7}.Debug|Mixed Platforms.Build.0 = Debug|Win32
		{306BBBF9-630A-497C-9DCC-29DA1DE444F7}.Debug|Win32.ActiveCfg = Debug|Win32
		{306BBBF9-630A-497C-9DCC-29DA1DE444F7}.Debug|Win32.Build.0 = Debug|Win32
		{306BBBF9-630A-497C-9DCC-29DA1DE444F7}.Debug|x64.ActiveCfg = Debug|Win32
		{306BBBF9-630A-497C-9DCC-29DA1DE444F7}.Release|Any CPU.ActiveCfg = Release|Win32
		{306BBBF9-630A-497C-9DCC-29DA1DE444F7}.Release|Mixed Platforms.ActiveCfg = Release|Win32
		{306BBBF9-630A-497C-9DCC-29DA1DE444F7}.Release|Mixed Platforms.Build.0 = Release|Win32
		{306BBBF9-630A-497C-9DCC-29DA1DE444F7}.Release|Win32.ActiveCfg = Release|Win32
		{306BBBF9-630A-497C-9DCC-29DA1DE444F7}.Release|Win32.Build.0 = Release|Win32
		{306BBBF9-630A-497C-9DCC-29DA1DE444F7}.Release|x64.ActiveCfg = Release|Win32
		{69D2629B-0AFB-4602-B987-EF7B1CD46E6F}.Debug|Any CPU.ActiveCfg = Debug|Win32
		{69D2629B-0AFB-4602-B987-EF7B1CD46E6F}.Debug|Mixed Platforms.ActiveCfg = Debug|Win32
		{69D2629B-0AFB-4602-B987-EF7B1CD46E6F}.Debug|Mixed Platforms.Build.0 = Debug|Win32
		{69D2629B-0AFB-4602-B987-EF7B1CD46E6F}.Debug|Win32.ActiveCfg = Debug|Win32
		{69D2629B-0AFB-4602-B987-EF7B1CD46E6F}.Debug|Win32.Build.0 = Debug|Win32
		{69D2629B-0AFB-4602-B987-EF7B1CD46E6F}.Debug|x64.ActiveCfg = Debug|Win32
		{69D2629B-0AFB-4602-B987-EF7B1CD46E6F}.Release|Any CPU.ActiveCfg = Release|Win32
		{69D2629B-0AFB-4602-B987-EF7B1CD46E6F}.Release|Mixed Platforms.ActiveCfg = Release|Win32
		{69D2629B-0AFB-4602-B987-EF7B1CD46E6F}.Release|Mixed Platforms.Build.0 = Release|Win32
		{69D2629B-0AFB-4602-B987-EF7B1CD46E6F}.Release|Win32.ActiveCfg = Release|Win32
		{69D2629B-0AFB-4602-B987-EF7B1CD46E6F}.Release|Win32.Build.0 = Release|Win32
		{69D2629B-0AFB-4602-B987-EF7B1CD46E6F}.Release|x64.ActiveCfg = Release|Win32
	EndGlobalSection
	GlobalSection(SolutionProperties) = preSolution
		HideSolutionNode = FALSE
	EndGlobalSection
EndGlobal
