
Microsoft Visual Studio Solution File, Format Version 12.00
# Visual Studio 2015
Project("{FAE04EC0-301F-11D3-BF4B-00C04F79EFBC}") = "EchoClientUnity.CSharp", "EchoClientUnity.CSharp.csproj", "{B4A47655-E472-8DB7-42FF-F5E5B121571A}"
EndProject
Global
	GlobalSection(SolutionConfigurationPlatforms) = preSolution
		Debug|Any CPU = Debug|Any CPU
		Release|Any CPU = Release|Any CPU
	EndGlobalSection
	GlobalSection(ProjectConfigurationPlatforms) = postSolution
		{B4A47655-E472-8DB7-42FF-F5E5B121571A}.Debug|Any CPU.ActiveCfg = Debug|Any CPU
		{B4A47655-E472-8DB7-42FF-F5E5B121571A}.Debug|Any CPU.Build.0 = Debug|Any CPU
		{B4A47655-E472-8DB7-42FF-F5E5B121571A}.Release|Any CPU.ActiveCfg = Release|Any CPU
		{B4A47655-E472-8DB7-42FF-F5E5B121571A}.Release|Any CPU.Build.0 = Release|Any CPU
	EndGlobalSection
	GlobalSection(SolutionProperties) = preSolution
		HideSolutionNode = FALSE
	EndGlobalSection
EndGlobal
